<?xml version="1.0" encoding="utf-8"?>
<Project ToolsVersion="4.0" xmlns="http://schemas.microsoft.com/developer/msbuild/2003">
  <ItemGroup>
    <Filter Include="Header Files">
      <UniqueIdentifier>{93995380-89BD-4b04-88EB-625FBE52EBFB}</UniqueIdentifier>
      <Extensions>h;hpp;hxx;hm;inl;inc;xsd</Extensions>
    </Filter>
    <Filter Include="Header Files">
      <UniqueIdentifier>{93995380-89BD-4b04-88EB-625FBE52EBFB}</UniqueIdentifier>
      <Extensions>h;hpp;hxx;hm;inl;inc;xsd</Extensions>
    </Filter>
    <Filter Include="Source Files">
      <UniqueIdentifier>{4FC737F1-C7A5-4376-A066-2A32D752A2FF}</UniqueIdentifier>
      <Extensions>cpp;c;cxx;def;odl;idl;hpj;bat;asm;asmx</Extensions>
    </Filter>
    <Filter Include="Source Files">
      <UniqueIdentifier>{4FC737F1-C7A5-4376-A066-2A32D752A2FF}</UniqueIdentifier>
      <Extensions>cpp;c;cxx;def;odl;idl;hpj;bat;asm;asmx</Extensions>
    </Filter>
  </ItemGroup>
  <ItemGroup>
    <ClCompile Include="Geometry\BasicMeasuring\BasicMeasuring.cpp">
      <Filter>Source Files</Filter>
    </ClCompile>
    <ClCompile Include="FairingAndSmoothing\FiberMeshFairing.cpp">
      <Filter>Source Files</Filter>
    </ClCompile>
    <ClCompile Include="Pasting\ImagePasting.cpp">
      <Filter>Source Files</Filter>
    </ClCompile>
    <ClCompile Include="Geometry\Remeshing\IsolevelExtractor.cpp">
      <Filter>Source Files</Filter>
    </ClCompile>
    <ClCompile Include="Geometry\Remeshing\IsotropicRemeshing.cpp">
      <Filter>Source Files</Filter>
    </ClCompile>
    <ClCompile Include="LeastSquareLaplacian\LeastSquareLaplacian.cpp">
      <Filter>Source Files</Filter>
    </ClCompile>
    <ClCompile Include="Geometry\NearestTriangleSearch\NearestTriangleSearch.cpp">
      <Filter>Source Files</Filter>
    </ClCompile>
    <ClCompile Include="Geometry\NearestTriangleSearch\NearestTrianglesQuery.cpp">
      <Filter>Source Files</Filter>
    </ClCompile>
    <ClCompile Include="Geometry\NearestTriangleSearch\Ray.cpp">
      <Filter>Source Files</Filter>
    </ClCompile>
    <ClCompile Include="Triangulation\Triangulation.cpp">
      <Filter>Source Files</Filter>
    </ClCompile>
  </ItemGroup>
  <ItemGroup>
    <ClInclude Include="Geometry\BasicMeasuring\BasicMeasuring.h">
      <Filter>Header Files</Filter>
    </ClInclude>
    <ClInclude Include="FairingAndSmoothing\FairingBase.h">
      <Filter>Header Files</Filter>
    </ClInclude>
    <ClInclude Include="FairingAndSmoothing\FiberMeshFairing.h">
      <Filter>Header Files</Filter>
    </ClInclude>
    <ClInclude Include="Pasting\ImagePasting.h">
      <Filter>Header Files</Filter>
    </ClInclude>
    <ClInclude Include="Geometry\Remeshing\IsolevelExtractor.h">
      <Filter>Header Files</Filter>
    </ClInclude>
    <ClInclude Include="Geometry\Remeshing\IsotropicRemeshing.h">
      <Filter>Header Files</Filter>
    </ClInclude>
    <ClInclude Include="Geometry\NearestTriangleSearch\KDTreeNode.h">
      <Filter>Header Files</Filter>
    </ClInclude>
    <ClInclude Include="LeastSquareLaplacian\LS_LaplacianEigenSolver.h">
      <Filter>Header Files</Filter>
    </ClInclude>
    <ClInclude Include="LeastSquareLaplacian\LeastSquareLaplacian.h">
      <Filter>Header Files</Filter>
    </ClInclude>
    <ClInclude Include="Geometry\NearestTriangleSearch\NearestTriangleSearch.h">
      <Filter>Header Files</Filter>
    </ClInclude>
    <ClInclude Include="Geometry\NearestTriangleSearch\NearestTrianglesQuery.h">
      <Filter>Header Files</Filter>
    </ClInclude>
    <ClInclude Include="Geometry\NearestTriangleSearch\Ray.h">
      <Filter>Header Files</Filter>
    </ClInclude>
    <ClInclude Include="Triangulation\Triangulation.h">
      <Filter>Header Files</Filter>
    </ClInclude>
    <ClInclude Include="gcl_export.h">
      <Filter>Header Files</Filter>
    </ClInclude>
    <ClInclude Include="Triangulation\triangle\triangle.h">
      <Filter>Header Files</Filter>
    </ClInclude>
  </ItemGroup>
</Project>